Microsoft Visual Studio Solution File, Format Version 12.00
# Visual Studio Version 17
VisualStudioVersion = 17.5.2.0
MinimumVisualStudioVersion = 10.0.40219.1
Project("{FAE04EC0-301F-11D3-BF4B-00C04F79EFBC}") = "Grimoire", "Grimoire.csproj", "{A6469070-59A9-2D66-156E-DD3F772651DD}"
EndProject
Global
	GlobalSection(SolutionConfigurationPlatforms) = preSolution
		Debug|Any CPU = Debug|Any CPU
		Release|Any CPU = Release|Any CPU
	EndGlobalSection
	GlobalSection(ProjectConfigurationPlatforms) = postSolution
		{A6469070-59A9-2D66-156E-DD3F772651DD}.Debug|Any CPU.ActiveCfg = Debug|Any CPU
		{A6469070-59A9-2D66-156E-DD3F772651DD}.Debug|Any CPU.Build.0 = Debug|Any CPU
		{A6469070-59A9-2D66-156E-DD3F772651DD}.Release|Any CPU.ActiveCfg = Release|Any CPU
		{A6469070-59A9-2D66-156E-DD3F772651DD}.Release|Any CPU.Build.0 = Release|Any CPU
	EndGlobalSection
	GlobalSection(SolutionProperties) = preSolution
		HideSolutionNode = FALSE
	EndGlobalSection
	GlobalSection(ExtensibilityGlobals) = postSolution
		SolutionGuid = {0318F46E-42DB-45DA-96A3-B3459C214B6B}
	EndGlobalSection
EndGlobal
